
Microsoft Visual Studio Solution File, Format Version 12.00
# Visual Studio Version 17
VisualStudioVersion = 17.11.35222.181
MinimumVisualStudioVersion = 10.0.40219.1
Project("{FAE04EC0-301F-11D3-BF4B-00C04F79EFBC}") = "Web-Server", "myOwnWebServer\Web-Server.csproj", "{73B75F32-FEBC-4989-98F9-23D1A4082B33}"
EndProject
Global
	GlobalSection(SolutionConfigurationPlatforms) = preSolution
		Debug|Any CPU = Debug|Any CPU
		Release|Any CPU = Release|Any CPU
	EndGlobalSection
	GlobalSection(ProjectConfigurationPlatforms) = postSolution
		{73B75F32-FEBC-4989-98F9-23D1A4082B33}.Debug|Any CPU.ActiveCfg = Debug|Any CPU
		{73B75F32-FEBC-4989-98F9-23D1A4082B33}.Debug|Any CPU.Build.0 = Debug|Any CPU
		{73B75F32-FEBC-4989-98F9-23D1A4082B33}.Release|Any CPU.ActiveCfg = Release|Any CPU
		{73B75F32-FEBC-4989-98F9-23D1A4082B33}.Release|Any CPU.Build.0 = Release|Any CPU
	EndGlobalSection
	GlobalSection(SolutionProperties) = preSolution
		HideSolutionNode = FALSE
	EndGlobalSection
	GlobalSection(ExtensibilityGlobals) = postSolution
		SolutionGuid = {066EC6D1-FB7F-49BC-A057-0EBF6E2BA348}
	EndGlobalSection
EndGlobal
